
Microsoft Visual Studio Solution File, Format Version 12.00
# Visual Studio 14
VisualStudioVersion = 14.0.24720.0
MinimumVisualStudioVersion = 10.0.40219.1
Project("{FAE04EC0-301F-11D3-BF4B-00C04F79EFBC}") = "CalcTest", "CalcTest\CalcTest.csproj", "{19D8FCFD-4522-416D-B73B-5CB6FF9D994E}"
EndProject
Project("{FAE04EC0-301F-11D3-BF4B-00C04F79EFBC}") = "CalcLibrary", "CalcLibrary\CalcLibrary.csproj", "{8BB85AB7-D53C-40BE-BE6B-4F4B6B6C7F1F}"
EndProject
Project("{FAE04EC0-301F-11D3-BF4B-00C04F79EFBC}") = "Console", "Console\Console.csproj", "{6DCA1560-3B0B-41CE-BFB8-51E3F8EE4CBC}"
EndProject
Project("{FAE04EC0-301F-11D3-BF4B-00C04F79EFBC}") = "SuperCalc", "SuperCalc\SuperCalc.csproj", "{F41396BA-030C-4677-9BC8-A1FF3636E482}"
EndProject
Project("{FAE04EC0-301F-11D3-BF4B-00C04F79EFBC}") = "ExeOperation", "ExeOperation\ExeOperation.csproj", "{4BF3D3E1-6C38-43F3-94A4-8839FA8AE784}"
EndProject
Project("{FAE04EC0-301F-11D3-BF4B-00C04F79EFBC}") = "WebCalc", "WebCalc\WebCalc.csproj", "{66BF8EBC-0937-48EA-A4DE-0D61D5C6D491}"
EndProject
Global
	GlobalSection(SolutionConfigurationPlatforms) = preSolution
		Debug|Any CPU = Debug|Any CPU
		Release|Any CPU = Release|Any CPU
	EndGlobalSection
	GlobalSection(ProjectConfigurationPlatforms) = postSolution
		{19D8FCFD-4522-416D-B73B-5CB6FF9D994E}.Debug|Any CPU.ActiveCfg = Debug|Any CPU
		{19D8FCFD-4522-416D-B73B-5CB6FF9D994E}.Debug|Any CPU.Build.0 = Debug|Any CPU
		{19D8FCFD-4522-416D-B73B-5CB6FF9D994E}.Release|Any CPU.ActiveCfg = Release|Any CPU
		{19D8FCFD-4522-416D-B73B-5CB6FF9D994E}.Release|Any CPU.Build.0 = Release|Any CPU
		{8BB85AB7-D53C-40BE-BE6B-4F4B6B6C7F1F}.Debug|Any CPU.ActiveCfg = Debug|Any CPU
		{8BB85AB7-D53C-40BE-BE6B-4F4B6B6C7F1F}.Debug|Any CPU.Build.0 = Debug|Any CPU
		{8BB85AB7-D53C-40BE-BE6B-4F4B6B6C7F1F}.Release|Any CPU.ActiveCfg = Release|Any CPU
		{8BB85AB7-D53C-40BE-BE6B-4F4B6B6C7F1F}.Release|Any CPU.Build.0 = Release|Any CPU
		{6DCA1560-3B0B-41CE-BFB8-51E3F8EE4CBC}.Debug|Any CPU.ActiveCfg = Debug|Any CPU
		{6DCA1560-3B0B-41CE-BFB8-51E3F8EE4CBC}.Debug|Any CPU.Build.0 = Debug|Any CPU
		{6DCA1560-3B0B-41CE-BFB8-51E3F8EE4CBC}.Release|Any CPU.ActiveCfg = Release|Any CPU
		{6DCA1560-3B0B-41CE-BFB8-51E3F8EE4CBC}.Release|Any CPU.Build.0 = Release|Any CPU
		{F41396BA-030C-4677-9BC8-A1FF3636E482}.Debug|Any CPU.ActiveCfg = Debug|Any CPU
		{F41396BA-030C-4677-9BC8-A1FF3636E482}.Debug|Any CPU.Build.0 = Debug|Any CPU
		{F41396BA-030C-4677-9BC8-A1FF3636E482}.Release|Any CPU.ActiveCfg = Release|Any CPU
		{F41396BA-030C-4677-9BC8-A1FF3636E482}.Release|Any CPU.Build.0 = Release|Any CPU
		{4BF3D3E1-6C38-43F3-94A4-8839FA8AE784}.Debug|Any CPU.ActiveCfg = Debug|Any CPU
		{4BF3D3E1-6C38-43F3-94A4-8839FA8AE784}.Debug|Any CPU.Build.0 = Debug|Any CPU
		{4BF3D3E1-6C38-43F3-94A4-8839FA8AE784}.Release|Any CPU.ActiveCfg = Release|Any CPU
		{4BF3D3E1-6C38-43F3-94A4-8839FA8AE784}.Release|Any CPU.Build.0 = Release|Any CPU
		{66BF8EBC-0937-48EA-A4DE-0D61D5C6D491}.Debug|Any CPU.ActiveCfg = Debug|Any CPU
		{66BF8EBC-0937-48EA-A4DE-0D61D5C6D491}.Debug|Any CPU.Build.0 = Debug|Any CPU
		{66BF8EBC-0937-48EA-A4DE-0D61D5C6D491}.Release|Any CPU.ActiveCfg = Release|Any CPU
		{66BF8EBC-0937-48EA-A4DE-0D61D5C6D491}.Release|Any CPU.Build.0 = Release|Any CPU
	EndGlobalSection
	GlobalSection(SolutionProperties) = preSolution
		HideSolutionNode = FALSE
	EndGlobalSection
EndGlobal
